version = 1
revision = 2
requires-python = ">=3.12"

[[package]]
name = "colorama"
version = "0.4.6"
source = { registry = "https://nexus.sovcombank.group/repository/pypi-proxy/simple" }
sdist = { url = "https://nexus.sovcombank.group/repository/pypi-proxy/packages/colorama/0.4.6/colorama-0.4.6.tar.gz", hash = "sha256:08695f5cb7ed6e0531a20572697297273c47b8cae5a63ffc6d6ed5c201be6e44" }
wheels = [
    { url = "https://nexus.sovcombank.group/repository/pypi-proxy/packages/colorama/0.4.6/colorama-0.4.6-py2.py3-none-any.whl", hash = "sha256:4f1d9991f5acc0ca119f9d443620b77f9d6b33703e51011c16baf57afb285fc6" },
]

[[package]]
name = "iniconfig"
version = "2.1.0"
source = { registry = "https://nexus.sovcombank.group/repository/pypi-proxy/simple" }
sdist = { url = "https://nexus.sovcombank.group/repository/pypi-proxy/packages/iniconfig/2.1.0/iniconfig-2.1.0.tar.gz", hash = "sha256:3abbd2e30b36733fee78f9c7f7308f2d0050e88f0087fd25c2645f63c773e1c7" }
wheels = [
    { url = "https://nexus.sovcombank.group/repository/pypi-proxy/packages/iniconfig/2.1.0/iniconfig-2.1.0-py3-none-any.whl", hash = "sha256:9deba5723312380e77435581c6bf4935c94cbfab9b1ed33ef8d238ea168eb760" },
]

[[package]]
name = "packaging"
version = "25.0"
source = { registry = "https://nexus.sovcombank.group/repository/pypi-proxy/simple" }
sdist = { url = "https://nexus.sovcombank.group/repository/pypi-proxy/packages/packaging/25.0/packaging-25.0.tar.gz", hash = "sha256:d443872c98d677bf60f6a1f2f8c1cb748e8fe762d2bf9d3148b5599295b0fc4f" }
wheels = [
    { url = "https://nexus.sovcombank.group/repository/pypi-proxy/packages/packaging/25.0/packaging-25.0-py3-none-any.whl", hash = "sha256:29572ef2b1f17581046b3a2227d5c611fb25ec70ca1ba8554b24b0e69331a484" },
]

[[package]]
name = "palitra"
version = "0.0.1"
source = { virtual = "." }

[package.dev-dependencies]
dev = [
    { name = "pytest" },
]

[package.metadata]

[package.metadata.requires-dev]
dev = [{ name = "pytest", specifier = ">=8.4.1" }]

[[package]]
name = "pluggy"
version = "1.6.0"
source = { registry = "https://nexus.sovcombank.group/repository/pypi-proxy/simple" }
sdist = { url = "https://nexus.sovcombank.group/repository/pypi-proxy/packages/pluggy/1.6.0/pluggy-1.6.0.tar.gz", hash = "sha256:7dcc130b76258d33b90f61b658791dede3486c3e6bfb003ee5c9bfb396dd22f3" }
wheels = [
    { url = "https://nexus.sovcombank.group/repository/pypi-proxy/packages/pluggy/1.6.0/pluggy-1.6.0-py3-none-any.whl", hash = "sha256:e920276dd6813095e9377c0bc5566d94c932c33b27a3e3945d8389c374dd4746" },
]

[[package]]
name = "pygments"
version = "2.19.1"
source = { registry = "https://nexus.sovcombank.group/repository/pypi-proxy/simple" }
sdist = { url = "https://nexus.sovcombank.group/repository/pypi-proxy/packages/pygments/2.19.1/pygments-2.19.1.tar.gz", hash = "sha256:61c16d2a8576dc0649d9f39e089b5f02bcd27fba10d8fb4dcc28173f7a45151f" }
wheels = [
    { url = "https://nexus.sovcombank.group/repository/pypi-proxy/packages/pygments/2.19.1/pygments-2.19.1-py3-none-any.whl", hash = "sha256:9ea1544ad55cecf4b8242fab6dd35a93bbce657034b0611ee383099054ab6d8c" },
]

[[package]]
name = "pytest"
version = "8.4.1"
source = { registry = "https://nexus.sovcombank.group/repository/pypi-proxy/simple" }
dependencies = [
    { name = "colorama", marker = "sys_platform == 'win32'" },
    { name = "iniconfig" },
    { name = "packaging" },
    { name = "pluggy" },
    { name = "pygments" },
]
sdist = { url = "https://nexus.sovcombank.group/repository/pypi-proxy/packages/pytest/8.4.1/pytest-8.4.1.tar.gz", hash = "sha256:7c67fd69174877359ed9371ec3af8a3d2b04741818c51e5e99cc1742251fa93c" }
wheels = [
    { url = "https://nexus.sovcombank.group/repository/pypi-proxy/packages/pytest/8.4.1/pytest-8.4.1-py3-none-any.whl", hash = "sha256:539c70ba6fcead8e78eebbf1115e8b589e7565830d7d006a8723f19ac8a0afb7" },
]
